{
    "_readme": [
        "This file locks the dependencies of your project to a known state",
        "Read more about it at https://getcomposer.org/doc/01-basic-usage.md#composer-lock-the-lock-file",
        "This file is @generated automatically"
    ],
    "hash": "ce95d398bb614f01bc8244875aa1e916",
    "content-hash": "792e28d82338ca0d936df3a9fd74d68f",
    "packages": [
        {
            "name": "anax/common",
            "version": "v1.0.10",
            "source": {
                "type": "git",
                "url": "https://github.com/canax/common.git",
                "reference": "e1bd53429ee7d45c0834bc1abe3d6704fd581f53"
            },
            "dist": {
                "type": "zip",
                "url": "https://api.github.com/repos/canax/common/zipball/e1bd53429ee7d45c0834bc1abe3d6704fd581f53",
                "reference": "e1bd53429ee7d45c0834bc1abe3d6704fd581f53",
                "shasum": ""
            },
            "require": {
                "php": ">=5.6"
            },
            "require-dev": {
                "php": ">=5.6"
            },
            "type": "library",
            "autoload": {
                "psr-4": {
                    "Anax\\": "src/"
                },
                "files": [
                    "src/functions.php"
                ]
            },
            "notification-url": "https://packagist.org/downloads/",
            "license": [
                "MIT"
            ],
            "authors": [
                {
                    "name": "Mikael Roos",
                    "email": "mos@dbwebb.se",
                    "homepage": "https://dbwebb.se",
                    "role": "Developer"
                }
            ],
            "description": "Anax Common functions and classes.",
            "homepage": "https://dbwebb.se/anax",
            "keywords": [
                "boilerplate",
                "education",
                "framework",
                "micro",
                "mvc"
            ],
            "time": "2017-03-26 21:22:33"
        },
        {
            "name": "anax/request",
            "version": "v1.0.2",
            "source": {
                "type": "git",
                "url": "https://github.com/canax/request.git",
                "reference": "879b93031f26d37e6259af2c644eafc62c1af614"
            },
            "dist": {
                "type": "zip",
                "url": "https://api.github.com/repos/canax/request/zipball/879b93031f26d37e6259af2c644eafc62c1af614",
                "reference": "879b93031f26d37e6259af2c644eafc62c1af614",
                "shasum": ""
            },
            "require": {
                "php": ">=5.6"
            },
            "require-dev": {
                "php": ">=5.6"
            },
            "type": "library",
            "autoload": {
                "psr-4": {
                    "Anax\\": "src/"
                }
            },
            "notification-url": "https://packagist.org/downloads/",
            "license": [
                "MIT"
            ],
            "authors": [
                {
                    "name": "Mikael Roos",
                    "email": "mos@dbwebb.se",
                    "homepage": "https://dbwebb.se",
                    "role": "Developer"
                }
            ],
            "description": "Anax Request class.",
            "homepage": "https://dbwebb.se/anax",
            "keywords": [
                "boilerplate",
                "education",
                "framework",
                "micro",
                "mvc"
            ],
            "time": "2017-03-13 19:07:56"
        },
        {
            "name": "anax/url",
            "version": "v1.0.5",
            "source": {
                "type": "git",
                "url": "https://github.com/canax/url.git",
                "reference": "9a2de055e38b23074badcf9bb1293c3fdc715a5e"
            },
            "dist": {
                "type": "zip",
                "url": "https://api.github.com/repos/canax/url/zipball/9a2de055e38b23074badcf9bb1293c3fdc715a5e",
                "reference": "9a2de055e38b23074badcf9bb1293c3fdc715a5e",
                "shasum": ""
            },
            "require": {
                "anax/common": "^1.0",
                "php": ">=5.6"
            },
            "require-dev": {
                "php": ">=5.6"
            },
            "type": "library",
            "autoload": {
                "psr-4": {
                    "Anax\\": "src/"
                }
            },
            "notification-url": "https://packagist.org/downloads/",
            "license": [
                "MIT"
            ],
            "authors": [
                {
                    "name": "Mikael Roos",
                    "email": "mos@dbwebb.se",
                    "homepage": "https://dbwebb.se",
                    "role": "Developer"
                }
            ],
            "description": "Anax Url class.",
            "homepage": "https://dbwebb.se/anax",
            "keywords": [
                "boilerplate",
                "education",
                "framework",
                "micro",
                "mvc"
            ],
            "time": "2017-03-10 12:53:10"
        }
    ],
    "packages-dev": [],
    "aliases": [],
    "minimum-stability": "stable",
    "stability-flags": [],
    "prefer-stable": false,
    "prefer-lowest": false,
    "platform": [],
    "platform-dev": []
}
